
Microsoft Visual Studio Solution File, Format Version 10.00
# Visual Studio 2008
Project("{8BC9CEB8-8B4A-11D0-8D11-00A0C91BC942}") = "JkDefrag", "JkDefrag\JkDefrag2008.vcproj", "{205701F0-3E91-4DD7-AC0F-5A3E273BD3A6}"
EndProject
Global
	GlobalSection(SolutionConfigurationPlatforms) = preSolution
		Debug|Win32 = Debug|Win32
		Release|Win32 = Release|Win32
	EndGlobalSection
	GlobalSection(ProjectConfigurationPlatforms) = postSolution
		{205701F0-3E91-4DD7-AC0F-5A3E273BD3A6}.Debug|Win32.ActiveCfg = Debug|Win32
		{205701F0-3E91-4DD7-AC0F-5A3E273BD3A6}.Debug|Win32.Build.0 = Debug|Win32
		{205701F0-3E91-4DD7-AC0F-5A3E273BD3A6}.Release|Win32.ActiveCfg = Release|Win32
		{205701F0-3E91-4DD7-AC0F-5A3E273BD3A6}.Release|Win32.Build.0 = Release|Win32
	EndGlobalSection
	GlobalSection(SolutionProperties) = preSolution
		HideSolutionNode = FALSE
	EndGlobalSection
EndGlobal
